<?xml version="1.0" encoding="utf-8"?>
<Project ToolsVersion="4.0" xmlns="http://schemas.microsoft.com/developer/msbuild/2003">
  <ItemGroup>
    <Filter Include="Source Files">
      <UniqueIdentifier>{4FC737F1-C7A5-4376-A066-2A32D752A2FF}</UniqueIdentifier>
      <Extensions>cpp;c;cc;cxx;def;odl;idl;hpj;bat;asm;asmx</Extensions>
    </Filter>
    <Filter Include="Header Files">
      <UniqueIdentifier>{93995380-89BD-4b04-88EB-625FBE52EBFB}</UniqueIdentifier>
      <Extensions>h;hpp;hxx;hm;inl;inc;xsd</Extensions>
    </Filter>
    <Filter Include="Resource Files">
      <UniqueIdentifier>{67DA6AB6-F800-4c08-8B7A-83BB121AAD01}</UniqueIdentifier>
      <Extensions>rc;ico;cur;bmp;dlg;rc2;rct;bin;rgs;gif;jpg;jpeg;jpe;resx;tiff;tif;png;wav;mfcribbon-ms</Extensions>
    </Filter>
    <Filter Include="media">
      <UniqueIdentifier>{1fc78c89-e07d-4ba1-8d48-8f8b611b8d24}</UniqueIdentifier>
    </Filter>
    <Filter Include="media\sounds">
      <UniqueIdentifier>{8d1a451d-dbb7-4882-af92-c855b29f4799}</UniqueIdentifier>
    </Filter>
    <Filter Include="media\imgs">
      <UniqueIdentifier>{f3334174-1122-45ef-afff-822df2f26ee7}</UniqueIdentifier>
    </Filter>
    <Filter Include="Header Files\GameStates">
      <UniqueIdentifier>{1a40b7c3-9799-4540-abdd-64c34a72d055}</UniqueIdentifier>
    </Filter>
    <Filter Include="Source Files\GameStates">
      <UniqueIdentifier>{d9ec1ed4-eba1-4277-ba34-efe057c084a7}</UniqueIdentifier>
    </Filter>
  </ItemGroup>
  <ItemGroup>
    <None Include="media\map.txt">
      <Filter>media</Filter>
    </None>
    <None Include="media\imgs\charTextures.png">
      <Filter>media\imgs</Filter>
    </None>
    <None Include="media\imgs\gameEnd.png">
      <Filter>media\imgs</Filter>
    </None>
    <None Include="media\imgs\gameOver.png">
      <Filter>media\imgs</Filter>
    </None>
    <None Include="media\imgs\hudTextures.png">
      <Filter>media\imgs</Filter>
    </None>
    <None Include="media\imgs\mapTextures.png">
      <Filter>media\imgs</Filter>
    </None>
    <None Include="media\imgs\mouse.png">
      <Filter>media\imgs</Filter>
    </None>
    <None Include="media\imgs\objectTextures.png">
      <Filter>media\imgs</Filter>
    </None>
    <None Include="media\imgs\pantallaInicio.png">
      <Filter>media\imgs</Filter>
    </None>
    <None Include="media\sounds\bazooka.wav">
      <Filter>media\sounds</Filter>
    </None>
    <None Include="media\sounds\buttonClick.wav">
      <Filter>media\sounds</Filter>
    </None>
    <None Include="media\sounds\buttonHover.wav">
      <Filter>media\sounds</Filter>
    </None>
    <None Include="media\sounds\buttonOver.wav">
      <Filter>media\sounds</Filter>
    </None>
    <None Include="media\sounds\flash1.wav">
      <Filter>media\sounds</Filter>
    </None>
    <None Include="media\sounds\flash2.wav">
      <Filter>media\sounds</Filter>
    </None>
    <None Include="media\sounds\flashExplode.wav">
      <Filter>media\sounds</Filter>
    </None>
    <None Include="media\sounds\forceField.wav">
      <Filter>media\sounds</Filter>
    </None>
    <None Include="media\sounds\forceFieldBounce.wav">
      <Filter>media\sounds</Filter>
    </None>
    <None Include="media\sounds\forceFieldExplode.wav">
      <Filter>media\sounds</Filter>
    </None>
    <None Include="media\sounds\grenadeExplode.wav">
      <Filter>media\sounds</Filter>
    </None>
    <None Include="media\sounds\heartbeat.wav">
      <Filter>media\sounds</Filter>
    </None>
    <None Include="media\sounds\humiliation.wav">
      <Filter>media\sounds</Filter>
    </None>
    <None Include="media\sounds\hurt3.wav">
      <Filter>media\sounds</Filter>
    </None>
    <None Include="media\sounds\Kalimba.mp3">
      <Filter>media\sounds</Filter>
    </None>
    <None Include="media\sounds\kamikaze.wav">
      <Filter>media\sounds</Filter>
    </None>
    <None Include="media\sounds\killed.wav">
      <Filter>media\sounds</Filter>
    </None>
    <None Include="media\sounds\m3.wav">
      <Filter>media\sounds</Filter>
    </None>
    <None Include="media\sounds\minigun.wav">
      <Filter>media\sounds</Filter>
    </None>
    <None Include="media\sounds\multiKill.wav">
      <Filter>media\sounds</Filter>
    </None>
    <None Include="media\sounds\newRound.wav">
      <Filter>media\sounds</Filter>
    </None>
    <None Include="media\sounds\plasma.wav">
      <Filter>media\sounds</Filter>
    </None>
    <None Include="media\sounds\radiate.wav">
      <Filter>media\sounds</Filter>
    </None>
    <None Include="media\sounds\railgun.wav">
      <Filter>media\sounds</Filter>
    </None>
    <None Include="media\sounds\respectUp.wav">
      <Filter>media\sounds</Filter>
    </None>
    <None Include="media\sounds\shockwave.wav">
      <Filter>media\sounds</Filter>
    </None>
    <None Include="media\sounds\spas.wav">
      <Filter>media\sounds</Filter>
    </None>
    <None Include="media\sounds\stepMetal1.wav">
      <Filter>media\sounds</Filter>
    </None>
    <None Include="media\sounds\stepNorm1.wav">
      <Filter>media\sounds</Filter>
    </None>
    <None Include="media\sounds\unstoppable.wav">
      <Filter>media\sounds</Filter>
    </None>
  </ItemGroup>
  <ItemGroup>
    <ClInclude Include="include\cScene.h">
      <Filter>Header Files</Filter>
    </ClInclude>
    <ClInclude Include="include\cMouse.h">
      <Filter>Header Files</Filter>
    </ClInclude>
    <ClInclude Include="include\cLog.h">
      <Filter>Header Files</Filter>
    </ClInclude>
    <ClInclude Include="include\cKeyboard.h">
      <Filter>Header Files</Filter>
    </ClInclude>
    <ClInclude Include="include\cInputLayer.h">
      <Filter>Header Files</Filter>
    </ClInclude>
    <ClInclude Include="include\cGraphicsLayer.h">
      <Filter>Header Files</Filter>
    </ClInclude>
    <ClInclude Include="include\cGame.h">
      <Filter>Header Files</Filter>
    </ClInclude>
    <ClInclude Include="include\cSound.h">
      <Filter>Header Files</Filter>
    </ClInclude>
    <ClInclude Include="include\cGSGameOver.h">
      <Filter>Header Files\GameStates</Filter>
    </ClInclude>
    <ClInclude Include="include\cGSIngame.h">
      <Filter>Header Files\GameStates</Filter>
    </ClInclude>
    <ClInclude Include="include\cGSMenu.h">
      <Filter>Header Files\GameStates</Filter>
    </ClInclude>
    <ClInclude Include="include\cGameState.h">
      <Filter>Header Files</Filter>
    </ClInclude>
    <ClInclude Include="include\cHero.h">
      <Filter>Header Files</Filter>
    </ClInclude>
    <ClInclude Include="include\cEnemy.h">
      <Filter>Header Files</Filter>
    </ClInclude>
    <ClInclude Include="include\cHUD.h">
      <Filter>Header Files</Filter>
    </ClInclude>
    <ClInclude Include="include\cItem.h">
      <Filter>Header Files</Filter>
    </ClInclude>
    <ClInclude Include="include\cBullet.h">
      <Filter>Header Files</Filter>
    </ClInclude>
    <ClInclude Include="include\cPath.h">
      <Filter>Header Files</Filter>
    </ClInclude>
    <ClInclude Include="include\cAStar.h">
      <Filter>Header Files</Filter>
    </ClInclude>
    <ClInclude Include="include\cGSGameEnd.h">
      <Filter>Header Files\GameStates</Filter>
    </ClInclude>
  </ItemGroup>
  <ItemGroup>
    <ClCompile Include="lib\cScene.cpp">
      <Filter>Source Files</Filter>
    </ClCompile>
    <ClCompile Include="lib\cMouse.cpp">
      <Filter>Source Files</Filter>
    </ClCompile>
    <ClCompile Include="lib\cLog.cpp">
      <Filter>Source Files</Filter>
    </ClCompile>
    <ClCompile Include="lib\cKeyboard.cpp">
      <Filter>Source Files</Filter>
    </ClCompile>
    <ClCompile Include="lib\cInputLayer.cpp">
      <Filter>Source Files</Filter>
    </ClCompile>
    <ClCompile Include="lib\cGraphicsLayer.cpp">
      <Filter>Source Files</Filter>
    </ClCompile>
    <ClCompile Include="lib\cGame.cpp">
      <Filter>Source Files</Filter>
    </ClCompile>
    <ClCompile Include="src\Win32Main.cpp">
      <Filter>Resource Files</Filter>
    </ClCompile>
    <ClCompile Include="lib\cSound.cpp">
      <Filter>Source Files</Filter>
    </ClCompile>
    <ClCompile Include="lib\cGSGameOver.cpp">
      <Filter>Source Files\GameStates</Filter>
    </ClCompile>
    <ClCompile Include="lib\cGSIngame.cpp">
      <Filter>Source Files\GameStates</Filter>
    </ClCompile>
    <ClCompile Include="lib\cGSMenu.cpp">
      <Filter>Source Files\GameStates</Filter>
    </ClCompile>
    <ClCompile Include="lib\cHero.cpp">
      <Filter>Source Files</Filter>
    </ClCompile>
    <ClCompile Include="lib\cEnemy.cpp">
      <Filter>Source Files</Filter>
    </ClCompile>
    <ClCompile Include="lib\cHUD.cpp">
      <Filter>Source Files</Filter>
    </ClCompile>
    <ClCompile Include="lib\cItem.cpp">
      <Filter>Source Files</Filter>
    </ClCompile>
    <ClCompile Include="lib\cBullet.cpp">
      <Filter>Source Files</Filter>
    </ClCompile>
    <ClCompile Include="lib\cAStar.cpp">
      <Filter>Source Files</Filter>
    </ClCompile>
    <ClCompile Include="lib\cPath.cpp">
      <Filter>Source Files</Filter>
    </ClCompile>
    <ClCompile Include="lib\cGSGameEnd.cpp">
      <Filter>Source Files\GameStates</Filter>
    </ClCompile>
  </ItemGroup>
  <ItemGroup>
    <ResourceCompile Include="Gandhi-Prototype.rc">
      <Filter>Resource Files</Filter>
    </ResourceCompile>
  </ItemGroup>
</Project>